# THIS IS AN AUTOGENERATED FILE. DO NOT EDIT THIS FILE DIRECTLY.
# yarn lockfile v1


jsbn@^1.1.0:
  version "1.1.0"
  resolved "https://registry.npmjs.org/jsbn/-/jsbn-1.1.0.tgz#b01307cb29b618a1ed26ec79e911f803c4da0040"
  integrity sha1-sBMHyym2GKHtJux56RH4A8TaAEA=

miniprogram-sm-crypto@^0.2.1:
  version "0.2.1"
  resolved "https://registry.npmjs.org/miniprogram-sm-crypto/-/miniprogram-sm-crypto-0.2.1.tgz#ea78175c84f4b018386aeb43a56619b26c376341"
  integrity sha512-ia2yxDK5W8XAmoK6/kv59l/RaNVOZisjkaNp5KtKO+dCW+gvVceI2v+kb7nJGIGeR4JcLNRSYC0/wG9mJQMqeA==
  dependencies:
    jsbn "^1.1.0"

querystring@^0.2.0:
  version "0.2.0"
  resolved "https://registry.npmjs.org/querystring/-/querystring-0.2.0.tgz#b209849203bb25df820da756e747005878521620"
  integrity sha1-sgmEkgO7Jd+CDadW50cAWHhSFiA=
